Microsoft Visual Studio Solution File, Format Version 12.00
# Visual Studio Version 17
VisualStudioVersion = 17.11.34909.67
MinimumVisualStudioVersion = 10.0.40219.1
Project("{9A19103F-16F7-4668-BE54-9A1E7A4F7556}") = "SKWeb", "SKWeb\SKWeb.csproj", "{F06BB48E-B8E4-4EFE-A52F-7B335C516A56}"
EndProject
Project("{9A19103F-16F7-4668-BE54-9A1E7A4F7556}") = "SKConsole", "SKConsole\SKConsole.csproj", "{EC138969-472A-4B99-8D75-7F77D45404A0}"
EndProject
Project("{FAE04EC0-301F-11D3-BF4B-00C04F79EFBC}") = "HomeAutomation", "HomeAutomation\HomeAutomation.csproj", "{23AB58ED-CDAA-4E61-A472-AF97B8C48E80}"
EndProject
Project("{FAE04EC0-301F-11D3-BF4B-00C04F79EFBC}") = "SKShared", "SKShared\SKShared.csproj", "{CD3535D5-D472-43B8-A6DA-D5019B58EC37}"
EndProject
Global
	GlobalSection(SolutionConfigurationPlatforms) = preSolution
		Debug|Any CPU = Debug|Any CPU
		Release|Any CPU = Release|Any CPU
	EndGlobalSection
	GlobalSection(ProjectConfigurationPlatforms) = postSolution
		{F06BB48E-B8E4-4EFE-A52F-7B335C516A56}.Debug|Any CPU.ActiveCfg = Debug|Any CPU
		{F06BB48E-B8E4-4EFE-A52F-7B335C516A56}.Debug|Any CPU.Build.0 = Debug|Any CPU
		{F06BB48E-B8E4-4EFE-A52F-7B335C516A56}.Release|Any CPU.ActiveCfg = Release|Any CPU
		{F06BB48E-B8E4-4EFE-A52F-7B335C516A56}.Release|Any CPU.Build.0 = Release|Any CPU
		{EC138969-472A-4B99-8D75-7F77D45404A0}.Debug|Any CPU.ActiveCfg = Debug|Any CPU
		{EC138969-472A-4B99-8D75-7F77D45404A0}.Debug|Any CPU.Build.0 = Debug|Any CPU
		{EC138969-472A-4B99-8D75-7F77D45404A0}.Release|Any CPU.ActiveCfg = Release|Any CPU
		{EC138969-472A-4B99-8D75-7F77D45404A0}.Release|Any CPU.Build.0 = Release|Any CPU
		{23AB58ED-CDAA-4E61-A472-AF97B8C48E80}.Debug|Any CPU.ActiveCfg = Debug|Any CPU
		{23AB58ED-CDAA-4E61-A472-AF97B8C48E80}.Debug|Any CPU.Build.0 = Debug|Any CPU
		{23AB58ED-CDAA-4E61-A472-AF97B8C48E80}.Release|Any CPU.ActiveCfg = Release|Any CPU
		{23AB58ED-CDAA-4E61-A472-AF97B8C48E80}.Release|Any CPU.Build.0 = Release|Any CPU
		{CD3535D5-D472-43B8-A6DA-D5019B58EC37}.Debug|Any CPU.ActiveCfg = Debug|Any CPU
		{CD3535D5-D472-43B8-A6DA-D5019B58EC37}.Debug|Any CPU.Build.0 = Debug|Any CPU
		{CD3535D5-D472-43B8-A6DA-D5019B58EC37}.Release|Any CPU.ActiveCfg = Release|Any CPU
		{CD3535D5-D472-43B8-A6DA-D5019B58EC37}.Release|Any CPU.Build.0 = Release|Any CPU
	EndGlobalSection
	GlobalSection(SolutionProperties) = preSolution
		HideSolutionNode = FALSE
	EndGlobalSection
	GlobalSection(ExtensibilityGlobals) = postSolution
		SolutionGuid = {0DADDA64-FB3B-4698-A25B-214A0B23EDCE}
	EndGlobalSection
EndGlobal
